
Microsoft Visual Studio Solution File, Format Version 12.00
# Visual Studio Version 17
VisualStudioVersion = 17.13.35931.197 d17.13
MinimumVisualStudioVersion = 10.0.40219.1
Project("{8BC9CEB8-8B4A-11D0-8D11-00A0C91BC942}") = "MFD", "MFD.vcxproj", "{3DFDCA40-800B-5FFB-3AE5-BA230AB657C7}"
EndProject
Project("{8BC9CEB8-8B4A-11D0-8D11-00A0C91BC942}") = "UserConsole", "..\UserConsole\UserConsole.vcxproj", "{89707795-3F64-40FF-ACE8-B84BFB86B65E}"
EndProject
Global
	GlobalSection(SolutionConfigurationPlatforms) = preSolution
		Debug|ARM64 = Debug|ARM64
		Debug|x64 = Debug|x64
		Release|ARM64 = Release|ARM64
		Release|x64 = Release|x64
	EndGlobalSection
	GlobalSection(ProjectConfigurationPlatforms) = postSolution
		{3DFDCA40-800B-5FFB-3AE5-BA230AB657C7}.Debug|ARM64.ActiveCfg = Debug|ARM64
		{3DFDCA40-800B-5FFB-3AE5-BA230AB657C7}.Debug|ARM64.Build.0 = Debug|ARM64
		{3DFDCA40-800B-5FFB-3AE5-BA230AB657C7}.Debug|ARM64.Deploy.0 = Debug|ARM64
		{3DFDCA40-800B-5FFB-3AE5-BA230AB657C7}.Debug|x64.ActiveCfg = Debug|x64
		{3DFDCA40-800B-5FFB-3AE5-BA230AB657C7}.Debug|x64.Build.0 = Debug|x64
		{3DFDCA40-800B-5FFB-3AE5-BA230AB657C7}.Debug|x64.Deploy.0 = Debug|x64
		{3DFDCA40-800B-5FFB-3AE5-BA230AB657C7}.Release|ARM64.ActiveCfg = Release|ARM64
		{3DFDCA40-800B-5FFB-3AE5-BA230AB657C7}.Release|ARM64.Build.0 = Release|ARM64
		{3DFDCA40-800B-5FFB-3AE5-BA230AB657C7}.Release|ARM64.Deploy.0 = Release|ARM64
		{3DFDCA40-800B-5FFB-3AE5-BA230AB657C7}.Release|x64.ActiveCfg = Release|x64
		{3DFDCA40-800B-5FFB-3AE5-BA230AB657C7}.Release|x64.Build.0 = Release|x64
		{3DFDCA40-800B-5FFB-3AE5-BA230AB657C7}.Release|x64.Deploy.0 = Release|x64
		{89707795-3F64-40FF-ACE8-B84BFB86B65E}.Debug|ARM64.ActiveCfg = Debug|x64
		{89707795-3F64-40FF-ACE8-B84BFB86B65E}.Debug|ARM64.Build.0 = Debug|x64
		{89707795-3F64-40FF-ACE8-B84BFB86B65E}.Debug|x64.ActiveCfg = Debug|x64
		{89707795-3F64-40FF-ACE8-B84BFB86B65E}.Debug|x64.Build.0 = Debug|x64
		{89707795-3F64-40FF-ACE8-B84BFB86B65E}.Release|ARM64.ActiveCfg = Release|x64
		{89707795-3F64-40FF-ACE8-B84BFB86B65E}.Release|ARM64.Build.0 = Release|x64
		{89707795-3F64-40FF-ACE8-B84BFB86B65E}.Release|x64.ActiveCfg = Release|x64
		{89707795-3F64-40FF-ACE8-B84BFB86B65E}.Release|x64.Build.0 = Release|x64
	EndGlobalSection
	GlobalSection(SolutionProperties) = preSolution
		HideSolutionNode = FALSE
	EndGlobalSection
	GlobalSection(ExtensibilityGlobals) = postSolution
		SolutionGuid = {59EB972E-4899-4BAB-98C1-877A63484F5D}
	EndGlobalSection
EndGlobal
